# THIS IS AN AUTOGENERATED FILE. DO NOT EDIT THIS FILE DIRECTLY.
# yarn lockfile v1


"@types/jquery@^3.5.14":
  "integrity" "sha512-X1gtMRMbziVQkErhTQmSe2jFwwENA/Zr+PprCkF63vFq+Yt5PZ4AlKqgmeNlwgn7dhsXEK888eIW2520EpC+xg=="
  "resolved" "https://registry.npmjs.org/@types/jquery/-/jquery-3.5.14.tgz"
  "version" "3.5.14"
  dependencies:
    "@types/sizzle" "*"

"@types/sizzle@*":
  "integrity" "sha512-JYM8x9EGF163bEyhdJBpR2QX1R5naCJHC8ucJylJ3w9/CVBaskdQ8WqBf8MmQrd1kRvp/a4TS8HJ+bxzR7ZJYQ=="
  "resolved" "https://registry.npmjs.org/@types/sizzle/-/sizzle-2.3.3.tgz"
  "version" "2.3.3"

"esbuild-windows-64@0.14.48":
  "integrity" "sha512-YmpXjdT1q0b8ictSdGwH3M8VCoqPpK1/UArze3X199w6u8hUx3V8BhAi1WjbsfDYRBanVVtduAhh2sirImtAvA=="
  "resolved" "https://registry.npmjs.org/esbuild-windows-64/-/esbuild-windows-64-0.14.48.tgz"
  "version" "0.14.48"

"esbuild@^0.14.11":
  "integrity" "sha512-w6N1Yn5MtqK2U1/WZTX9ZqUVb8IOLZkZ5AdHkT6x3cHDMVsYWC7WPdiLmx19w3i4Rwzy5LqsEMtVihG3e4rFzA=="
  "resolved" "https://registry.npmjs.org/esbuild/-/esbuild-0.14.48.tgz"
  "version" "0.14.48"
  optionalDependencies:
    "esbuild-android-64" "0.14.48"
    "esbuild-android-arm64" "0.14.48"
    "esbuild-darwin-64" "0.14.48"
    "esbuild-darwin-arm64" "0.14.48"
    "esbuild-freebsd-64" "0.14.48"
    "esbuild-freebsd-arm64" "0.14.48"
    "esbuild-linux-32" "0.14.48"
    "esbuild-linux-64" "0.14.48"
    "esbuild-linux-arm" "0.14.48"
    "esbuild-linux-arm64" "0.14.48"
    "esbuild-linux-mips64le" "0.14.48"
    "esbuild-linux-ppc64le" "0.14.48"
    "esbuild-linux-riscv64" "0.14.48"
    "esbuild-linux-s390x" "0.14.48"
    "esbuild-netbsd-64" "0.14.48"
    "esbuild-openbsd-64" "0.14.48"
    "esbuild-sunos-64" "0.14.48"
    "esbuild-windows-32" "0.14.48"
    "esbuild-windows-64" "0.14.48"
    "esbuild-windows-arm64" "0.14.48"
